<?xml version="1.0" encoding="utf-8"?>
<Project ToolsVersion="4.0" xmlns="http://schemas.microsoft.com/developer/msbuild/2003">
  <ItemGroup>
    <Filter Include="소스 파일">
      <UniqueIdentifier>{4FC737F1-C7A5-4376-A066-2A32D752A2FF}</UniqueIdentifier>
      <Extensions>cpp;c;cc;cxx;c++;cppm;ixx;def;odl;idl;hpj;bat;asm;asmx</Extensions>
    </Filter>
    <Filter Include="헤더 파일">
      <UniqueIdentifier>{93995380-89BD-4b04-88EB-625FBE52EBFB}</UniqueIdentifier>
      <Extensions>h;hh;hpp;hxx;h++;hm;inl;inc;ipp;xsd</Extensions>
    </Filter>
    <Filter Include="리소스 파일">
      <UniqueIdentifier>{67DA6AB6-F800-4c08-8B7A-83BB121AAD01}</UniqueIdentifier>
      <Extensions>rc;ico;cur;bmp;dlg;rc2;rct;bin;rgs;gif;jpg;jpeg;jpe;resx;tiff;tif;png;wav;mfcribbon-ms</Extensions>
    </Filter>
    <Filter Include="Game Function">
      <UniqueIdentifier>{d5106db6-9c2b-4162-b208-e75518e40868}</UniqueIdentifier>
    </Filter>
  </ItemGroup>
  <ItemGroup>
    <ClCompile Include="source.cpp">
      <Filter>소스 파일</Filter>
    </ClCompile>
  </ItemGroup>
  <ItemGroup>
    <ClInclude Include="(2023.07.12) 변수.h">
      <Filter>헤더 파일</Filter>
    </ClInclude>
    <ClInclude Include="(2023.07.13) 상수.h">
      <Filter>헤더 파일</Filter>
    </ClInclude>
    <ClInclude Include="(2023.07.14) 비트와 바이트.h">
      <Filter>헤더 파일</Filter>
    </ClInclude>
    <ClInclude Include="(2023.07.17) 조건문.h">
      <Filter>헤더 파일</Filter>
    </ClInclude>
    <ClInclude Include="(2023.07.18) 반복문.h">
      <Filter>헤더 파일</Filter>
    </ClInclude>
    <ClInclude Include="(2023.07.19) 자료형 변환.h">
      <Filter>헤더 파일</Filter>
    </ClInclude>
    <ClInclude Include="(2023.07.21) 포인터 상수화.h">
      <Filter>헤더 파일</Filter>
    </ClInclude>
    <ClInclude Include="(2023.07.24) 배열.h">
      <Filter>헤더 파일</Filter>
    </ClInclude>
    <ClInclude Include="(2023.07.25) 함수.h">
      <Filter>헤더 파일</Filter>
    </ClInclude>
    <ClInclude Include="(2023.07.26) 재귀 함수.h">
      <Filter>헤더 파일</Filter>
    </ClInclude>
    <ClInclude Include="(2023.07.27) 인라인 함수.h">
      <Filter>헤더 파일</Filter>
    </ClInclude>
    <ClInclude Include="SoundManager.h">
      <Filter>Game Function</Filter>
    </ClInclude>
    <ClInclude Include="ControlSound.h">
      <Filter>Game Function</Filter>
    </ClInclude>
    <ClInclude Include="(2023.07.28) 변수의 범위.h">
      <Filter>헤더 파일</Filter>
    </ClInclude>
    <ClInclude Include="(2023.07.31) 동적 할당.h">
      <Filter>헤더 파일</Filter>
    </ClInclude>
    <ClInclude Include="%282023.08.01%29 구조체.h">
      <Filter>헤더 파일</Filter>
    </ClInclude>
    <ClInclude Include="(2023.08.02) 자기 참조 구조체.h">
      <Filter>헤더 파일</Filter>
    </ClInclude>
    <ClInclude Include="(2023.08.03) ASCII 코드.h">
      <Filter>헤더 파일</Filter>
    </ClInclude>
  </ItemGroup>
  <ItemGroup>
    <None Include="%282023.07.20%29 포인터.h">
      <Filter>헤더 파일</Filter>
    </None>
  </ItemGroup>
</Project>